
Microsoft Visual Studio Solution File, Format Version 12.00
# Visual Studio Version 16
VisualStudioVersion = 16.0.30225.117
MinimumVisualStudioVersion = 10.0.40219.1
Project("{FAE04EC0-301F-11D3-BF4B-00C04F79EFBC}") = "SystemCNSP", "SystemCNSP\SystemCNSP.csproj", "{DA9C0C7D-CCBE-474B-B8B2-A0D2A60F0EC9}"
EndProject
Project("{FAE04EC0-301F-11D3-BF4B-00C04F79EFBC}") = "CapadeDatps", "CapadeDatps\CapadeDatps.csproj", "{7F75BDBF-4F3F-4C18-9D83-2DB3CAC0EC1E}"
EndProject
Global
	GlobalSection(SolutionConfigurationPlatforms) = preSolution
		Debug|Any CPU = Debug|Any CPU
		Release|Any CPU = Release|Any CPU
	EndGlobalSection
	GlobalSection(ProjectConfigurationPlatforms) = postSolution
		{DA9C0C7D-CCBE-474B-B8B2-A0D2A60F0EC9}.Debug|Any CPU.ActiveCfg = Debug|Any CPU
		{DA9C0C7D-CCBE-474B-B8B2-A0D2A60F0EC9}.Debug|Any CPU.Build.0 = Debug|Any CPU
		{DA9C0C7D-CCBE-474B-B8B2-A0D2A60F0EC9}.Release|Any CPU.ActiveCfg = Release|Any CPU
		{DA9C0C7D-CCBE-474B-B8B2-A0D2A60F0EC9}.Release|Any CPU.Build.0 = Release|Any CPU
		{7F75BDBF-4F3F-4C18-9D83-2DB3CAC0EC1E}.Debug|Any CPU.ActiveCfg = Debug|Any CPU
		{7F75BDBF-4F3F-4C18-9D83-2DB3CAC0EC1E}.Debug|Any CPU.Build.0 = Debug|Any CPU
		{7F75BDBF-4F3F-4C18-9D83-2DB3CAC0EC1E}.Release|Any CPU.ActiveCfg = Release|Any CPU
		{7F75BDBF-4F3F-4C18-9D83-2DB3CAC0EC1E}.Release|Any CPU.Build.0 = Release|Any CPU
	EndGlobalSection
	GlobalSection(SolutionProperties) = preSolution
		HideSolutionNode = FALSE
	EndGlobalSection
	GlobalSection(ExtensibilityGlobals) = postSolution
		SolutionGuid = {FDF8BD57-D7B8-4369-9810-9142C535F16C}
	EndGlobalSection
EndGlobal
